
Microsoft Visual Studio Solution File, Format Version 12.00
# Visual Studio 2013
VisualStudioVersion = 12.0.30501.0
MinimumVisualStudioVersion = 10.0.40219.1
Project("{FAE04EC0-301F-11D3-BF4B-00C04F79EFBC}") = "testing_cytoscape", "testing_cytoscape\testing_cytoscape.csproj", "{533F59E7-5C37-4EDB-A0B0-302CBE4F0E49}"
EndProject
Project("{FAE04EC0-301F-11D3-BF4B-00C04F79EFBC}") = "GetGraphElements", "GetGraphElements\GetGraphElements.csproj", "{4C2854F4-E9DB-471B-B4EF-26A24534BA32}"
EndProject
Global
	GlobalSection(SolutionConfigurationPlatforms) = preSolution
		Debug|Any CPU = Debug|Any CPU
		Release|Any CPU = Release|Any CPU
	EndGlobalSection
	GlobalSection(ProjectConfigurationPlatforms) = postSolution
		{533F59E7-5C37-4EDB-A0B0-302CBE4F0E49}.Debug|Any CPU.ActiveCfg = Debug|Any CPU
		{533F59E7-5C37-4EDB-A0B0-302CBE4F0E49}.Debug|Any CPU.Build.0 = Debug|Any CPU
		{533F59E7-5C37-4EDB-A0B0-302CBE4F0E49}.Release|Any CPU.ActiveCfg = Release|Any CPU
		{533F59E7-5C37-4EDB-A0B0-302CBE4F0E49}.Release|Any CPU.Build.0 = Release|Any CPU
		{4C2854F4-E9DB-471B-B4EF-26A24534BA32}.Debug|Any CPU.ActiveCfg = Debug|Any CPU
		{4C2854F4-E9DB-471B-B4EF-26A24534BA32}.Debug|Any CPU.Build.0 = Debug|Any CPU
		{4C2854F4-E9DB-471B-B4EF-26A24534BA32}.Release|Any CPU.ActiveCfg = Release|Any CPU
		{4C2854F4-E9DB-471B-B4EF-26A24534BA32}.Release|Any CPU.Build.0 = Release|Any CPU
	EndGlobalSection
	GlobalSection(SolutionProperties) = preSolution
		HideSolutionNode = FALSE
	EndGlobalSection
EndGlobal
